// !$*UTF8*$!
{
	archiveVersion = 1;
	classes = {
	};
	objectVersion = 55;
	objects = {

/* Begin PBXBuildFile section */
		E231CEBE2821201A0010955C /* CalendarView.swift in Sources */ = {isa = PBXBuildFile; fileRef = E231CEBD2821201A0010955C /* CalendarView.swift */; };
		E231CEC0282170ED0010955C /* DateFormat.swift in Sources */ = {isa = PBXBuildFile; fileRef = E231CEBF282170ED0010955C /* DateFormat.swift */; };
		E26F5AC728217DD600EA0916 /* GoogleService-Info.plist in Resources */ = {isa = PBXBuildFile; fileRef = E26F5AC628217DD600EA0916 /* GoogleService-Info.plist */; };
		E26F5ACC28217EDE00EA0916 /* FirebaseAuth in Frameworks */ = {isa = PBXBuildFile; productRef = E26F5ACB28217EDE00EA0916 /* FirebaseAuth */; };
		E26F5ACE28217EDE00EA0916 /* FirebaseAuthCombine-Community in Frameworks */ = {isa = PBXBuildFile; productRef = E26F5ACD28217EDE00EA0916 /* FirebaseAuthCombine-Community */; };
		E26F5AD028217EDE00EA0916 /* FirebaseDatabase in Frameworks */ = {isa = PBXBuildFile; productRef = E26F5ACF28217EDE00EA0916 /* FirebaseDatabase */; };
		E26F5AD228217EDE00EA0916 /* FirebaseDatabaseSwift-Beta in Frameworks */ = {isa = PBXBuildFile; productRef = E26F5AD128217EDE00EA0916 /* FirebaseDatabaseSwift-Beta */; };
		E26F5AD428217EDE00EA0916 /* FirebaseFirestore in Frameworks */ = {isa = PBXBuildFile; productRef = E26F5AD328217EDE00EA0916 /* FirebaseFirestore */; };
		E26F5AD628217EDE00EA0916 /* FirebaseFirestoreCombine-Community in Frameworks */ = {isa = PBXBuildFile; productRef = E26F5AD528217EDE00EA0916 /* FirebaseFirestoreCombine-Community */; };
		E26F5AD828217EDE00EA0916 /* FirebaseFirestoreSwift-Beta in Frameworks */ = {isa = PBXBuildFile; productRef = E26F5AD728217EDE00EA0916 /* FirebaseFirestoreSwift-Beta */; };
		E26F5ADA28217EDE00EA0916 /* FirebaseMessaging in Frameworks */ = {isa = PBXBuildFile; productRef = E26F5AD928217EDE00EA0916 /* FirebaseMessaging */; };
		E26F5ADC28217EDE00EA0916 /* FirebaseStorage in Frameworks */ = {isa = PBXBuildFile; productRef = E26F5ADB28217EDE00EA0916 /* FirebaseStorage */; };
		E26F5ADE28217EDE00EA0916 /* FirebaseStorageCombine-Community in Frameworks */ = {isa = PBXBuildFile; productRef = E26F5ADD28217EDE00EA0916 /* FirebaseStorageCombine-Community */; };
		E26F5AE028217EDE00EA0916 /* FirebaseStorageSwift-Beta in Frameworks */ = {isa = PBXBuildFile; productRef = E26F5ADF28217EDE00EA0916 /* FirebaseStorageSwift-Beta */; };
		E26F5AE2282180A400EA0916 /* AppleSignIn.swift in Sources */ = {isa = PBXBuildFile; fileRef = E26F5AE1282180A400EA0916 /* AppleSignIn.swift */; };
		E26F5AE42821837D00EA0916 /* ProfileView.swift in Sources */ = {isa = PBXBuildFile; fileRef = E26F5AE32821837D00EA0916 /* ProfileView.swift */; };
		E2A13238281AC81600AE12BC /* NC1OneChallengeApp.swift in Sources */ = {isa = PBXBuildFile; fileRef = E2A13237281AC81600AE12BC /* NC1OneChallengeApp.swift */; };
		E2A1323A281AC81600AE12BC /* ContentView.swift in Sources */ = {isa = PBXBuildFile; fileRef = E2A13239281AC81600AE12BC /* ContentView.swift */; };
		E2A1323C281AC81700AE12BC /* Assets.xcassets in Resources */ = {isa = PBXBuildFile; fileRef = E2A1323B281AC81700AE12BC /* Assets.xcassets */; };
		E2A1323F281AC81700AE12BC /* Preview Assets.xcassets in Resources */ = {isa = PBXBuildFile; fileRef = E2A1323E281AC81700AE12BC /* Preview Assets.xcassets */; };
		E2A13246281AC92400AE12BC /* AddCategoryView.swift in Sources */ = {isa = PBXBuildFile; fileRef = E2A13245281AC92400AE12BC /* AddCategoryView.swift */; };
		E2A13248281AC99B00AE12BC /* CardView.swift in Sources */ = {isa = PBXBuildFile; fileRef = E2A13247281AC99B00AE12BC /* CardView.swift */; };
		E2A1324A281ACA9100AE12BC /* Model.swift in Sources */ = {isa = PBXBuildFile; fileRef = E2A13249281ACA9100AE12BC /* Model.swift */; };
		E2A1324C281AD1D700AE12BC /* CategoryDetailView.swift in Sources */ = {isa = PBXBuildFile; fileRef = E2A1324B281AD1D700AE12BC /* CategoryDetailView.swift */; };
		E2A1324F281AD65500AE12BC /* BMJUA_otf.otf in Resources */ = {isa = PBXBuildFile; fileRef = E2A1324E281AD65500AE12BC /* BMJUA_otf.otf */; };
		E2C8D50E28644D2700273DBE /* ColorExtension.swift in Sources */ = {isa = PBXBuildFile; fileRef = E2C8D50D28644D2700273DBE /* ColorExtension.swift */; };
		E2C8D51028644D4000273DBE /* CategoryVM.swift in Sources */ = {isa = PBXBuildFile; fileRef = E2C8D50F28644D4000273DBE /* CategoryVM.swift */; };
		E2F6A0B5281ADD80006F5371 /* KeyboardExtension.swift in Sources */ = {isa = PBXBuildFile; fileRef = E2F6A0B4281ADD80006F5371 /* KeyboardExtension.swift */; };
		E2F6A0B9281AEE66006F5371 /* PostDetailView.swift in Sources */ = {isa = PBXBuildFile; fileRef = E2F6A0B8281AEE66006F5371 /* PostDetailView.swift */; };
		E2F6A0BB281AFAB6006F5371 /* AddPostView.swift in Sources */ = {isa = PBXBuildFile; fileRef = E2F6A0BA281AFAB6006F5371 /* AddPostView.swift */; };
		E2F6A0BD281BC86B006F5371 /* ImagePicker.swift in Sources */ = {isa = PBXBuildFile; fileRef = E2F6A0BC281BC86B006F5371 /* ImagePicker.swift */; };
/* End PBXBuildFile section */

/* Begin PBXFileReference section */
		E231CEBD2821201A0010955C /* CalendarView.swift */ = {isa = PBXFileReference; lastKnownFileType = sourcecode.swift; path = CalendarView.swift; sourceTree = "<group>"; };
		E231CEBF282170ED0010955C /* DateFormat.swift */ = {isa = PBXFileReference; lastKnownFileType = sourcecode.swift; path = DateFormat.swift; sourceTree = "<group>"; };
		E26F5AC628217DD600EA0916 /* GoogleService-Info.plist */ = {isa = PBXFileReference; fileEncoding = 4; lastKnownFileType = text.plist.xml; path = "GoogleService-Info.plist"; sourceTree = "<group>"; };
		E26F5AC828217DFD00EA0916 /* NC1OneChallenge.entitlements */ = {isa = PBXFileReference; lastKnownFileType = text.plist.entitlements; path = NC1OneChallenge.entitlements; sourceTree = "<group>"; };
		E26F5AE1282180A400EA0916 /* AppleSignIn.swift */ = {isa = PBXFileReference; lastKnownFileType = sourcecode.swift; path = AppleSignIn.swift; sourceTree = "<group>"; };
		E26F5AE32821837D00EA0916 /* ProfileView.swift */ = {isa = PBXFileReference; lastKnownFileType = sourcecode.swift; path = ProfileView.swift; sourceTree = "<group>"; };
		E2A13234281AC81600AE12BC /* NC1OneChallenge.app */ = {isa = PBXFileReference; explicitFileType = wrapper.application; includeInIndex = 0; path = NC1OneChallenge.app; sourceTree = BUILT_PRODUCTS_DIR; };
		E2A13237281AC81600AE12BC /* NC1OneChallengeApp.swift */ = {isa = PBXFileReference; lastKnownFileType = sourcecode.swift; path = NC1OneChallengeApp.swift; sourceTree = "<group>"; };
		E2A13239281AC81600AE12BC /* ContentView.swift */ = {isa = PBXFileReference; lastKnownFileType = sourcecode.swift; path = ContentView.swift; sourceTree = "<group>"; };
		E2A1323B281AC81700AE12BC /* Assets.xcassets */ = {isa = PBXFileReference; lastKnownFileType = folder.assetcatalog; path = Assets.xcassets; sourceTree = "<group>"; };
		E2A1323E281AC81700AE12BC /* Preview Assets.xcassets */ = {isa = PBXFileReference; lastKnownFileType = folder.assetcatalog; path = "Preview Assets.xcassets"; sourceTree = "<group>"; };
		E2A13245281AC92400AE12BC /* AddCategoryView.swift */ = {isa = PBXFileReference; lastKnownFileType = sourcecode.swift; path = AddCategoryView.swift; sourceTree = "<group>"; };
		E2A13247281AC99B00AE12BC /* CardView.swift */ = {isa = PBXFileReference; lastKnownFileType = sourcecode.swift; path = CardView.swift; sourceTree = "<group>"; };
		E2A13249281ACA9100AE12BC /* Model.swift */ = {isa = PBXFileReference; lastKnownFileType = sourcecode.swift; path = Model.swift; sourceTree = "<group>"; };
		E2A1324B281AD1D700AE12BC /* CategoryDetailView.swift */ = {isa = PBXFileReference; lastKnownFileType = sourcecode.swift; path = CategoryDetailView.swift; sourceTree = "<group>"; };
		E2A1324E281AD65500AE12BC /* BMJUA_otf.otf */ = {isa = PBXFileReference; lastKnownFileType = file; path = BMJUA_otf.otf; sourceTree = "<group>"; };
		E2A13250281AD67400AE12BC /* Info.plist */ = {isa = PBXFileReference; lastKnownFileType = text.plist; path = Info.plist; sourceTree = "<group>"; };
		E2C8D50D28644D2700273DBE /* ColorExtension.swift */ = {isa = PBXFileReference; lastKnownFileType = sourcecode.swift; path = ColorExtension.swift; sourceTree = "<group>"; };
		E2C8D50F28644D4000273DBE /* CategoryVM.swift */ = {isa = PBXFileReference; lastKnownFileType = sourcecode.swift; path = CategoryVM.swift; sourceTree = "<group>"; };
		E2F6A0B4281ADD80006F5371 /* KeyboardExtension.swift */ = {isa = PBXFileReference; lastKnownFileType = sourcecode.swift; path = KeyboardExtension.swift; sourceTree = "<group>"; };
		E2F6A0B8281AEE66006F5371 /* PostDetailView.swift */ = {isa = PBXFileReference; lastKnownFileType = sourcecode.swift; path = PostDetailView.swift; sourceTree = "<group>"; };
		E2F6A0BA281AFAB6006F5371 /* AddPostView.swift */ = {isa = PBXFileReference; lastKnownFileType = sourcecode.swift; path = AddPostView.swift; sourceTree = "<group>"; };
		E2F6A0BC281BC86B006F5371 /* ImagePicker.swift */ = {isa = PBXFileReference; lastKnownFileType = sourcecode.swift; path = ImagePicker.swift; sourceTree = "<group>"; };
/* End PBXFileReference section */

/* Begin PBXFrameworksBuildPhase section */
		E2A13231281AC81600AE12BC /* Frameworks */ = {
			isa = PBXFrameworksBuildPhase;
			buildActionMask = 2147483647;
			files = (
				E26F5ADA28217EDE00EA0916 /* FirebaseMessaging in Frameworks */,
				E26F5AD028217EDE00EA0916 /* FirebaseDatabase in Frameworks */,
				E26F5ADE28217EDE00EA0916 /* FirebaseStorageCombine-Community in Frameworks */,
				E26F5ADC28217EDE00EA0916 /* FirebaseStorage in Frameworks */,
				E26F5ACC28217EDE00EA0916 /* FirebaseAuth in Frameworks */,
				E26F5AD828217EDE00EA0916 /* FirebaseFirestoreSwift-Beta in Frameworks */,
				E26F5AD228217EDE00EA0916 /* FirebaseDatabaseSwift-Beta in Frameworks */,
				E26F5AD628217EDE00EA0916 /* FirebaseFirestoreCombine-Community in Frameworks */,
				E26F5AD428217EDE00EA0916 /* FirebaseFirestore in Frameworks */,
				E26F5AE028217EDE00EA0916 /* FirebaseStorageSwift-Beta in Frameworks */,
				E26F5ACE28217EDE00EA0916 /* FirebaseAuthCombine-Community in Frameworks */,
			);
			runOnlyForDeploymentPostprocessing = 0;
		};
/* End PBXFrameworksBuildPhase section */

/* Begin PBXGroup section */
		E231CEC12821780F0010955C /* View */ = {
			isa = PBXGroup;
			children = (
				E2C8D50A28644B2500273DBE /* Category */,
				E2C8D50928644B1F00273DBE /* Main */,
				E2A13237281AC81600AE12BC /* NC1OneChallengeApp.swift */,
				E2F6A0B8281AEE66006F5371 /* PostDetailView.swift */,
				E2F6A0BA281AFAB6006F5371 /* AddPostView.swift */,
			);
			path = View;
			sourceTree = "<group>";
		};
		E231CEC2282178150010955C /* ViewModel */ = {
			isa = PBXGroup;
			children = (
				E26F5AE1282180A400EA0916 /* AppleSignIn.swift */,
				E2F6A0BC281BC86B006F5371 /* ImagePicker.swift */,
				E2F6A0B4281ADD80006F5371 /* KeyboardExtension.swift */,
				E2C8D50F28644D4000273DBE /* CategoryVM.swift */,
			);
			path = ViewModel;
			sourceTree = "<group>";
		};
		E231CEC32821781F0010955C /* Model */ = {
			isa = PBXGroup;
			children = (
				E2A13249281ACA9100AE12BC /* Model.swift */,
			);
			path = Model;
			sourceTree = "<group>";
		};
		E2A1322B281AC81600AE12BC = {
			isa = PBXGroup;
			children = (
				E2A13236281AC81600AE12BC /* NC1OneChallenge */,
				E2A13235281AC81600AE12BC /* Products */,
			);
			sourceTree = "<group>";
		};
		E2A13235281AC81600AE12BC /* Products */ = {
			isa = PBXGroup;
			children = (
				E2A13234281AC81600AE12BC /* NC1OneChallenge.app */,
			);
			name = Products;
			sourceTree = "<group>";
		};
		E2A13236281AC81600AE12BC /* NC1OneChallenge */ = {
			isa = PBXGroup;
			children = (
				E2C8D50C28644CF600273DBE /* Extension */,
				E26F5AC828217DFD00EA0916 /* NC1OneChallenge.entitlements */,
				E26F5AC628217DD600EA0916 /* GoogleService-Info.plist */,
				E231CEC32821781F0010955C /* Model */,
				E231CEC2282178150010955C /* ViewModel */,
				E231CEC12821780F0010955C /* View */,
				E2A13250281AD67400AE12BC /* Info.plist */,
				E2A1324D281AD64200AE12BC /* Font */,
				E2A1323B281AC81700AE12BC /* Assets.xcassets */,
				E2A1323D281AC81700AE12BC /* Preview Content */,
			);
			path = NC1OneChallenge;
			sourceTree = "<group>";
		};
		E2A1323D281AC81700AE12BC /* Preview Content */ = {
			isa = PBXGroup;
			children = (
				E2A1323E281AC81700AE12BC /* Preview Assets.xcassets */,
			);
			path = "Preview Content";
			sourceTree = "<group>";
		};
		E2A1324D281AD64200AE12BC /* Font */ = {
			isa = PBXGroup;
			children = (
				E2A1324E281AD65500AE12BC /* BMJUA_otf.otf */,
			);
			path = Font;
			sourceTree = "<group>";
		};
		E2C8D50928644B1F00273DBE /* Main */ = {
			isa = PBXGroup;
			children = (
				E2A13247281AC99B00AE12BC /* CardView.swift */,
				E2A13239281AC81600AE12BC /* ContentView.swift */,
				E26F5AE32821837D00EA0916 /* ProfileView.swift */,
				E231CEBD2821201A0010955C /* CalendarView.swift */,
			);
			path = Main;
			sourceTree = "<group>";
		};
		E2C8D50A28644B2500273DBE /* Category */ = {
			isa = PBXGroup;
			children = (
				E2A13245281AC92400AE12BC /* AddCategoryView.swift */,
				E2A1324B281AD1D700AE12BC /* CategoryDetailView.swift */,
			);
			path = Category;
			sourceTree = "<group>";
		};
		E2C8D50C28644CF600273DBE /* Extension */ = {
			isa = PBXGroup;
			children = (
				E231CEBF282170ED0010955C /* DateFormat.swift */,
				E2C8D50D28644D2700273DBE /* ColorExtension.swift */,
			);
			path = Extension;
			sourceTree = "<group>";
		};
/* End PBXGroup section */

/* Begin PBXNativeTarget section */
		E2A13233281AC81600AE12BC /* NC1OneChallenge */ = {
			isa = PBXNativeTarget;
			buildConfigurationList = E2A13242281AC81700AE12BC /* Build configuration list for PBXNativeTarget "NC1OneChallenge" */;
			buildPhases = (
				E2A13230281AC81600AE12BC /* Sources */,
				E2A13231281AC81600AE12BC /* Frameworks */,
				E2A13232281AC81600AE12BC /* Resources */,
			);
			buildRules = (
			);
			dependencies = (
			);
			name = NC1OneChallenge;
			packageProductDependencies = (
				E26F5ACB28217EDE00EA0916 /* FirebaseAuth */,
				E26F5ACD28217EDE00EA0916 /* FirebaseAuthCombine-Community */,
				E26F5ACF28217EDE00EA0916 /* FirebaseDatabase */,
				E26F5AD128217EDE00EA0916 /* FirebaseDatabaseSwift-Beta */,
				E26F5AD328217EDE00EA0916 /* FirebaseFirestore */,
				E26F5AD528217EDE00EA0916 /* FirebaseFirestoreCombine-Community */,
				E26F5AD728217EDE00EA0916 /* FirebaseFirestoreSwift-Beta */,
				E26F5AD928217EDE00EA0916 /* FirebaseMessaging */,
				E26F5ADB28217EDE00EA0916 /* FirebaseStorage */,
				E26F5ADD28217EDE00EA0916 /* FirebaseStorageCombine-Community */,
				E26F5ADF28217EDE00EA0916 /* FirebaseStorageSwift-Beta */,
			);
			productName = NC1OneChallenge;
			productReference = E2A13234281AC81600AE12BC /* NC1OneChallenge.app */;
			productType = "com.apple.product-type.application";
		};
/* End PBXNativeTarget section */

/* Begin PBXProject section */
		E2A1322C281AC81600AE12BC /* Project object */ = {
			isa = PBXProject;
			attributes = {
				BuildIndependentTargetsInParallel = 1;
				LastSwiftUpdateCheck = 1330;
				LastUpgradeCheck = 1330;
				TargetAttributes = {
					E2A13233281AC81600AE12BC = {
						CreatedOnToolsVersion = 13.3.1;
					};
				};
			};
			buildConfigurationList = E2A1322F281AC81600AE12BC /* Build configuration list for PBXProject "NC1OneChallenge" */;
			compatibilityVersion = "Xcode 13.0";
			developmentRegion = en;
			hasScannedForEncodings = 0;
			knownRegions = (
				en,
				Base,
			);
			mainGroup = E2A1322B281AC81600AE12BC;
			packageReferences = (
				E26F5ACA28217EDE00EA0916 /* XCRemoteSwiftPackageReference "firebase-ios-sdk" */,
			);
			productRefGroup = E2A13235281AC81600AE12BC /* Products */;
			projectDirPath = "";
			projectRoot = "";
			targets = (
				E2A13233281AC81600AE12BC /* NC1OneChallenge */,
			);
		};
/* End PBXProject section */

/* Begin PBXResourcesBuildPhase section */
		E2A13232281AC81600AE12BC /* Resources */ = {
			isa = PBXResourcesBuildPhase;
			buildActionMask = 2147483647;
			files = (
				E2A1323F281AC81700AE12BC /* Preview Assets.xcassets in Resources */,
				E26F5AC728217DD600EA0916 /* GoogleService-Info.plist in Resources */,
				E2A1324F281AD65500AE12BC /* BMJUA_otf.otf in Resources */,
				E2A1323C281AC81700AE12BC /* Assets.xcassets in Resources */,
			);
			runOnlyForDeploymentPostprocessing = 0;
		};
/* End PBXResourcesBuildPhase section */

/* Begin PBXSourcesBuildPhase section */
		E2A13230281AC81600AE12BC /* Sources */ = {
			isa = PBXSourcesBuildPhase;
			buildActionMask = 2147483647;
			files = (
				E26F5AE2282180A400EA0916 /* AppleSignIn.swift in Sources */,
				E2A1324A281ACA9100AE12BC /* Model.swift in Sources */,
				E2F6A0BB281AFAB6006F5371 /* AddPostView.swift in Sources */,
				E2F6A0B5281ADD80006F5371 /* KeyboardExtension.swift in Sources */,
				E2A13246281AC92400AE12BC /* AddCategoryView.swift in Sources */,
				E2F6A0B9281AEE66006F5371 /* PostDetailView.swift in Sources */,
				E2A1323A281AC81600AE12BC /* ContentView.swift in Sources */,
				E231CEBE2821201A0010955C /* CalendarView.swift in Sources */,
				E2A13248281AC99B00AE12BC /* CardView.swift in Sources */,
				E2C8D50E28644D2700273DBE /* ColorExtension.swift in Sources */,
				E2F6A0BD281BC86B006F5371 /* ImagePicker.swift in Sources */,
				E2A13238281AC81600AE12BC /* NC1OneChallengeApp.swift in Sources */,
				E2C8D51028644D4000273DBE /* CategoryVM.swift in Sources */,
				E231CEC0282170ED0010955C /* DateFormat.swift in Sources */,
				E26F5AE42821837D00EA0916 /* ProfileView.swift in Sources */,
				E2A1324C281AD1D700AE12BC /* CategoryDetailView.swift in Sources */,
			);
			runOnlyForDeploymentPostprocessing = 0;
		};
/* End PBXSourcesBuildPhase section */

/* Begin XCBuildConfiguration section */
		E2A13240281AC81700AE12BC /* Debug */ = {
			isa = XCBuildConfiguration;
			buildSettings = {
				ALWAYS_SEARCH_USER_PATHS = NO;
				CLANG_ANALYZER_NONNULL = YES;
				CLANG_ANALYZER_NUMBER_OBJECT_CONVERSION = YES_AGGRESSIVE;
				CLANG_CXX_LANGUAGE_STANDARD = "gnu++17";
				CLANG_ENABLE_MODULES = YES;
				CLANG_ENABLE_OBJC_ARC = YES;
				CLANG_ENABLE_OBJC_WEAK = YES;
				CLANG_WARN_BLOCK_CAPTURE_AUTORELEASING = YES;
				CLANG_WARN_BOOL_CONVERSION = YES;
				CLANG_WARN_COMMA = YES;
				CLANG_WARN_CONSTANT_CONVERSION = YES;
				CLANG_WARN_DEPRECATED_OBJC_IMPLEMENTATIONS = YES;
				CLANG_WARN_DIRECT_OBJC_ISA_USAGE = YES_ERROR;
				CLANG_WARN_DOCUMENTATION_COMMENTS = YES;
				CLANG_WARN_EMPTY_BODY = YES;
				CLANG_WARN_ENUM_CONVERSION = YES;
				CLANG_WARN_INFINITE_RECURSION = YES;
				CLANG_WARN_INT_CONVERSION = YES;
				CLANG_WARN_NON_LITERAL_NULL_CONVERSION = YES;
				CLANG_WARN_OBJC_IMPLICIT_RETAIN_SELF = YES;
				CLANG_WARN_OBJC_LITERAL_CONVERSION = YES;
				CLANG_WARN_OBJC_ROOT_CLASS = YES_ERROR;
				CLANG_WARN_QUOTED_INCLUDE_IN_FRAMEWORK_HEADER = YES;
				CLANG_WARN_RANGE_LOOP_ANALYSIS = YES;
				CLANG_WARN_STRICT_PROTOTYPES = YES;
				CLANG_WARN_SUSPICIOUS_MOVE = YES;
				CLANG_WARN_UNGUARDED_AVAILABILITY = YES_AGGRESSIVE;
				CLANG_WARN_UNREACHABLE_CODE = YES;
				CLANG_WARN__DUPLICATE_METHOD_MATCH = YES;
				COPY_PHASE_STRIP = NO;
				DEBUG_INFORMATION_FORMAT = dwarf;
				ENABLE_STRICT_OBJC_MSGSEND = YES;
				ENABLE_TESTABILITY = YES;
				GCC_C_LANGUAGE_STANDARD = gnu11;
				GCC_DYNAMIC_NO_PIC = NO;
				GCC_NO_COMMON_BLOCKS = YES;
				GCC_OPTIMIZATION_LEVEL = 0;
				GCC_PREPROCESSOR_DEFINITIONS = (
					"DEBUG=1",
					"$(inherited)",
				);
				GCC_WARN_64_TO_32_BIT_CONVERSION = YES;
				GCC_WARN_ABOUT_RETURN_TYPE = YES_ERROR;
				GCC_WARN_UNDECLARED_SELECTOR = YES;
				GCC_WARN_UNINITIALIZED_AUTOS = YES_AGGRESSIVE;
				GCC_WARN_UNUSED_FUNCTION = YES;
				GCC_WARN_UNUSED_VARIABLE = YES;
				IPHONEOS_DEPLOYMENT_TARGET = 15.4;
				MTL_ENABLE_DEBUG_INFO = INCLUDE_SOURCE;
				MTL_FAST_MATH = YES;
				ONLY_ACTIVE_ARCH = YES;
				SDKROOT = iphoneos;
				SWIFT_ACTIVE_COMPILATION_CONDITIONS = DEBUG;
				SWIFT_OPTIMIZATION_LEVEL = "-Onone";
			};
			name = Debug;
		};
		E2A13241281AC81700AE12BC /* Release */ = {
			isa = XCBuildConfiguration;
			buildSettings = {
				ALWAYS_SEARCH_USER_PATHS = NO;
				CLANG_ANALYZER_NONNULL = YES;
				CLANG_ANALYZER_NUMBER_OBJECT_CONVERSION = YES_AGGRESSIVE;
				CLANG_CXX_LANGUAGE_STANDARD = "gnu++17";
				CLANG_ENABLE_MODULES = YES;
				CLANG_ENABLE_OBJC_ARC = YES;
				CLANG_ENABLE_OBJC_WEAK = YES;
				CLANG_WARN_BLOCK_CAPTURE_AUTORELEASING = YES;
				CLANG_WARN_BOOL_CONVERSION = YES;
				CLANG_WARN_COMMA = YES;
				CLANG_WARN_CONSTANT_CONVERSION = YES;
				CLANG_WARN_DEPRECATED_OBJC_IMPLEMENTATIONS = YES;
				CLANG_WARN_DIRECT_OBJC_ISA_USAGE = YES_ERROR;
				CLANG_WARN_DOCUMENTATION_COMMENTS = YES;
				CLANG_WARN_EMPTY_BODY = YES;
				CLANG_WARN_ENUM_CONVERSION = YES;
				CLANG_WARN_INFINITE_RECURSION = YES;
				CLANG_WARN_INT_CONVERSION = YES;
				CLANG_WARN_NON_LITERAL_NULL_CONVERSION = YES;
				CLANG_WARN_OBJC_IMPLICIT_RETAIN_SELF = YES;
				CLANG_WARN_OBJC_LITERAL_CONVERSION = YES;
				CLANG_WARN_OBJC_ROOT_CLASS = YES_ERROR;
				CLANG_WARN_QUOTED_INCLUDE_IN_FRAMEWORK_HEADER = YES;
				CLANG_WARN_RANGE_LOOP_ANALYSIS = YES;
				CLANG_WARN_STRICT_PROTOTYPES = YES;
				CLANG_WARN_SUSPICIOUS_MOVE = YES;
				CLANG_WARN_UNGUARDED_AVAILABILITY = YES_AGGRESSIVE;
				CLANG_WARN_UNREACHABLE_CODE = YES;
				CLANG_WARN__DUPLICATE_METHOD_MATCH = YES;
				COPY_PHASE_STRIP = NO;
				DEBUG_INFORMATION_FORMAT = "dwarf-with-dsym";
				ENABLE_NS_ASSERTIONS = NO;
				ENABLE_STRICT_OBJC_MSGSEND = YES;
				GCC_C_LANGUAGE_STANDARD = gnu11;
				GCC_NO_COMMON_BLOCKS = YES;
				GCC_WARN_64_TO_32_BIT_CONVERSION = YES;
				GCC_WARN_ABOUT_RETURN_TYPE = YES_ERROR;
				GCC_WARN_UNDECLARED_SELECTOR = YES;
				GCC_WARN_UNINITIALIZED_AUTOS = YES_AGGRESSIVE;
				GCC_WARN_UNUSED_FUNCTION = YES;
				GCC_WARN_UNUSED_VARIABLE = YES;
				IPHONEOS_DEPLOYMENT_TARGET = 15.4;
				MTL_ENABLE_DEBUG_INFO = NO;
				MTL_FAST_MATH = YES;
				SDKROOT = iphoneos;
				SWIFT_COMPILATION_MODE = wholemodule;
				SWIFT_OPTIMIZATION_LEVEL = "-O";
				VALIDATE_PRODUCT = YES;
			};
			name = Release;
		};
		E2A13243281AC81700AE12BC /* Debug */ = {
			isa = XCBuildConfiguration;
			buildSettings = {
				ASSETCATALOG_COMPILER_APPICON_NAME = AppIcon;
				ASSETCATALOG_COMPILER_GLOBAL_ACCENT_COLOR_NAME = AccentColor;
				CODE_SIGN_ENTITLEMENTS = NC1OneChallenge/NC1OneChallenge.entitlements;
				CODE_SIGN_STYLE = Automatic;
				CURRENT_PROJECT_VERSION = 1;
				DEVELOPMENT_ASSET_PATHS = "\"NC1OneChallenge/Preview Content\"";
				DEVELOPMENT_TEAM = SXSNK823Y9;
				ENABLE_PREVIEWS = YES;
				GENERATE_INFOPLIST_FILE = YES;
				INFOPLIST_FILE = NC1OneChallenge/Info.plist;
				INFOPLIST_KEY_UIApplicationSceneManifest_Generation = YES;
				INFOPLIST_KEY_UIApplicationSupportsIndirectInputEvents = YES;
				INFOPLIST_KEY_UILaunchScreen_Generation = YES;
				INFOPLIST_KEY_UISupportedInterfaceOrientations_iPad = "UIInterfaceOrientationPortrait UIInterfaceOrientationPortraitUpsideDown UIInterfaceOrientationLandscapeLeft UIInterfaceOrientationLandscapeRight";
				INFOPLIST_KEY_UISupportedInterfaceOrientations_iPhone = "UIInterfaceOrientationPortrait UIInterfaceOrientationLandscapeLeft UIInterfaceOrientationLandscapeRight";
				LD_RUNPATH_SEARCH_PATHS = (
					"$(inherited)",
					"@executable_path/Frameworks",
				);
				MARKETING_VERSION = 1.0;
				PRODUCT_BUNDLE_IDENTIFIER = com.woo0.Hatchling.NC1OneChallenge;
				PRODUCT_NAME = "$(TARGET_NAME)";
				SWIFT_EMIT_LOC_STRINGS = YES;
				SWIFT_VERSION = 5.0;
				TARGETED_DEVICE_FAMILY = "1,2";
			};
			name = Debug;
		};
		E2A13244281AC81700AE12BC /* Release */ = {
			isa = XCBuildConfiguration;
			buildSettings = {
				ASSETCATALOG_COMPILER_APPICON_NAME = AppIcon;
				ASSETCATALOG_COMPILER_GLOBAL_ACCENT_COLOR_NAME = AccentColor;
				CODE_SIGN_ENTITLEMENTS = NC1OneChallenge/NC1OneChallenge.entitlements;
				CODE_SIGN_STYLE = Automatic;
				CURRENT_PROJECT_VERSION = 1;
				DEVELOPMENT_ASSET_PATHS = "\"NC1OneChallenge/Preview Content\"";
				DEVELOPMENT_TEAM = SXSNK823Y9;
				ENABLE_PREVIEWS = YES;
				GENERATE_INFOPLIST_FILE = YES;
				INFOPLIST_FILE = NC1OneChallenge/Info.plist;
				INFOPLIST_KEY_UIApplicationSceneManifest_Generation = YES;
				INFOPLIST_KEY_UIApplicationSupportsIndirectInputEvents = YES;
				INFOPLIST_KEY_UILaunchScreen_Generation = YES;
				INFOPLIST_KEY_UISupportedInterfaceOrientations_iPad = "UIInterfaceOrientationPortrait UIInterfaceOrientationPortraitUpsideDown UIInterfaceOrientationLandscapeLeft UIInterfaceOrientationLandscapeRight";
				INFOPLIST_KEY_UISupportedInterfaceOrientations_iPhone = "UIInterfaceOrientationPortrait UIInterfaceOrientationLandscapeLeft UIInterfaceOrientationLandscapeRight";
				LD_RUNPATH_SEARCH_PATHS = (
					"$(inherited)",
					"@executable_path/Frameworks",
				);
				MARKETING_VERSION = 1.0;
				PRODUCT_BUNDLE_IDENTIFIER = com.woo0.Hatchling.NC1OneChallenge;
				PRODUCT_NAME = "$(TARGET_NAME)";
				SWIFT_EMIT_LOC_STRINGS = YES;
				SWIFT_VERSION = 5.0;
				TARGETED_DEVICE_FAMILY = "1,2";
			};
			name = Release;
		};
/* End XCBuildConfiguration section */

/* Begin XCConfigurationList section */
		E2A1322F281AC81600AE12BC /* Build configuration list for PBXProject "NC1OneChallenge" */ = {
			isa = XCConfigurationList;
			buildConfigurations = (
				E2A13240281AC81700AE12BC /* Debug */,
				E2A13241281AC81700AE12BC /* Release */,
			);
			defaultConfigurationIsVisible = 0;
			defaultConfigurationName = Release;
		};
		E2A13242281AC81700AE12BC /* Build configuration list for PBXNativeTarget "NC1OneChallenge" */ = {
			isa = XCConfigurationList;
			buildConfigurations = (
				E2A13243281AC81700AE12BC /* Debug */,
				E2A13244281AC81700AE12BC /* Release */,
			);
			defaultConfigurationIsVisible = 0;
			defaultConfigurationName = Release;
		};
/* End XCConfigurationList section */

/* Begin XCRemoteSwiftPackageReference section */
		E26F5ACA28217EDE00EA0916 /* XCRemoteSwiftPackageReference "firebase-ios-sdk" */ = {
			isa = XCRemoteSwiftPackageReference;
			repositoryURL = "https://github.com/firebase/firebase-ios-sdk";
			requirement = {
				kind = upToNextMinorVersion;
				minimumVersion = 8.9.0;
			};
		};
/* End XCRemoteSwiftPackageReference section */

/* Begin XCSwiftPackageProductDependency section */
		E26F5ACB28217EDE00EA0916 /* FirebaseAuth */ = {
			isa = XCSwiftPackageProductDependency;
			package = E26F5ACA28217EDE00EA0916 /* XCRemoteSwiftPackageReference "firebase-ios-sdk" */;
			productName = FirebaseAuth;
		};
		E26F5ACD28217EDE00EA0916 /* FirebaseAuthCombine-Community */ = {
			isa = XCSwiftPackageProductDependency;
			package = E26F5ACA28217EDE00EA0916 /* XCRemoteSwiftPackageReference "firebase-ios-sdk" */;
			productName = "FirebaseAuthCombine-Community";
		};
		E26F5ACF28217EDE00EA0916 /* FirebaseDatabase */ = {
			isa = XCSwiftPackageProductDependency;
			package = E26F5ACA28217EDE00EA0916 /* XCRemoteSwiftPackageReference "firebase-ios-sdk" */;
			productName = FirebaseDatabase;
		};
		E26F5AD128217EDE00EA0916 /* FirebaseDatabaseSwift-Beta */ = {
			isa = XCSwiftPackageProductDependency;
			package = E26F5ACA28217EDE00EA0916 /* XCRemoteSwiftPackageReference "firebase-ios-sdk" */;
			productName = "FirebaseDatabaseSwift-Beta";
		};
		E26F5AD328217EDE00EA0916 /* FirebaseFirestore */ = {
			isa = XCSwiftPackageProductDependency;
			package = E26F5ACA28217EDE00EA0916 /* XCRemoteSwiftPackageReference "firebase-ios-sdk" */;
			productName = FirebaseFirestore;
		};
		E26F5AD528217EDE00EA0916 /* FirebaseFirestoreCombine-Community */ = {
			isa = XCSwiftPackageProductDependency;
			package = E26F5ACA28217EDE00EA0916 /* XCRemoteSwiftPackageReference "firebase-ios-sdk" */;
			productName = "FirebaseFirestoreCombine-Community";
		};
		E26F5AD728217EDE00EA0916 /* FirebaseFirestoreSwift-Beta */ = {
			isa = XCSwiftPackageProductDependency;
			package = E26F5ACA28217EDE00EA0916 /* XCRemoteSwiftPackageReference "firebase-ios-sdk" */;
			productName = "FirebaseFirestoreSwift-Beta";
		};
		E26F5AD928217EDE00EA0916 /* FirebaseMessaging */ = {
			isa = XCSwiftPackageProductDependency;
			package = E26F5ACA28217EDE00EA0916 /* XCRemoteSwiftPackageReference "firebase-ios-sdk" */;
			productName = FirebaseMessaging;
		};
		E26F5ADB28217EDE00EA0916 /* FirebaseStorage */ = {
			isa = XCSwiftPackageProductDependency;
			package = E26F5ACA28217EDE00EA0916 /* XCRemoteSwiftPackageReference "firebase-ios-sdk" */;
			productName = FirebaseStorage;
		};
		E26F5ADD28217EDE00EA0916 /* FirebaseStorageCombine-Community */ = {
			isa = XCSwiftPackageProductDependency;
			package = E26F5ACA28217EDE00EA0916 /* XCRemoteSwiftPackageReference "firebase-ios-sdk" */;
			productName = "FirebaseStorageCombine-Community";
		};
		E26F5ADF28217EDE00EA0916 /* FirebaseStorageSwift-Beta */ = {
			isa = XCSwiftPackageProductDependency;
			package = E26F5ACA28217EDE00EA0916 /* XCRemoteSwiftPackageReference "firebase-ios-sdk" */;
			productName = "FirebaseStorageSwift-Beta";
		};
/* End XCSwiftPackageProductDependency section */
	};
	rootObject = E2A1322C281AC81600AE12BC /* Project object */;
}
